
Microsoft Visual Studio Solution File, Format Version 12.00
# Visual Studio Version 17
VisualStudioVersion = 17.12.35527.113 d17.12
MinimumVisualStudioVersion = 10.0.40219.1
Project("{FAE04EC0-301F-11D3-BF4B-00C04F79EFBC}") = "AvaCs3", "AvaCs3\AvaCs3.csproj", "{B8E23406-51C5-4181-B8B3-85A216EA893A}"
EndProject
Project("{FAE04EC0-301F-11D3-BF4B-00C04F79EFBC}") = "AvaCs3.Android", "AvaCs3.Android\AvaCs3.Android.csproj", "{B206A310-BC2E-408E-9445-1BD6ED9F078D}"
EndProject
Global
	GlobalSection(SolutionConfigurationPlatforms) = preSolution
		Debug|Any CPU = Debug|Any CPU
		Release|Any CPU = Release|Any CPU
	EndGlobalSection
	GlobalSection(ProjectConfigurationPlatforms) = postSolution
		{B8E23406-51C5-4181-B8B3-85A216EA893A}.Debug|Any CPU.ActiveCfg = Debug|Any CPU
		{B8E23406-51C5-4181-B8B3-85A216EA893A}.Debug|Any CPU.Build.0 = Debug|Any CPU
		{B8E23406-51C5-4181-B8B3-85A216EA893A}.Release|Any CPU.ActiveCfg = Release|Any CPU
		{B8E23406-51C5-4181-B8B3-85A216EA893A}.Release|Any CPU.Build.0 = Release|Any CPU
		{B206A310-BC2E-408E-9445-1BD6ED9F078D}.Debug|Any CPU.ActiveCfg = Debug|Any CPU
		{B206A310-BC2E-408E-9445-1BD6ED9F078D}.Debug|Any CPU.Build.0 = Debug|Any CPU
		{B206A310-BC2E-408E-9445-1BD6ED9F078D}.Debug|Any CPU.Deploy.0 = Debug|Any CPU
		{B206A310-BC2E-408E-9445-1BD6ED9F078D}.Release|Any CPU.ActiveCfg = Release|Any CPU
		{B206A310-BC2E-408E-9445-1BD6ED9F078D}.Release|Any CPU.Build.0 = Release|Any CPU
		{B206A310-BC2E-408E-9445-1BD6ED9F078D}.Release|Any CPU.Deploy.0 = Release|Any CPU
	EndGlobalSection
	GlobalSection(SolutionProperties) = preSolution
		HideSolutionNode = FALSE
	EndGlobalSection
EndGlobal
